// !$*UTF8*$!
{
	archiveVersion = 1;
	classes = {
	};
	objectVersion = 55;
	objects = {

/* Begin PBXBuildFile section */
		9130A48628178A0D00E6BEEB /* AI4MRIApp.swift in Sources */ = {isa = PBXBuildFile; fileRef = 9130A48528178A0D00E6BEEB /* AI4MRIApp.swift */; };
		9130A48A28178A1200E6BEEB /* Assets.xcassets in Resources */ = {isa = PBXBuildFile; fileRef = 9130A48928178A1200E6BEEB /* Assets.xcassets */; };
		9130A48D28178A1200E6BEEB /* Preview Assets.xcassets in Resources */ = {isa = PBXBuildFile; fileRef = 9130A48C28178A1200E6BEEB /* Preview Assets.xcassets */; };
		9130A49428178A6700E6BEEB /* AIView.swift in Sources */ = {isa = PBXBuildFile; fileRef = 9130A49328178A6700E6BEEB /* AIView.swift */; };
		9130A49628178ACD00E6BEEB /* MultiTabView.swift in Sources */ = {isa = PBXBuildFile; fileRef = 9130A49528178ACD00E6BEEB /* MultiTabView.swift */; };
		9130A49828178AF800E6BEEB /* IntroView.swift in Sources */ = {isa = PBXBuildFile; fileRef = 9130A49728178AF800E6BEEB /* IntroView.swift */; };
		9130A49A28178B1E00E6BEEB /* AboutView.swift in Sources */ = {isa = PBXBuildFile; fileRef = 9130A49928178B1E00E6BEEB /* AboutView.swift */; };
		9130A49D28178B4200E6BEEB /* SwiftyJSON in Frameworks */ = {isa = PBXBuildFile; productRef = 9130A49C28178B4200E6BEEB /* SwiftyJSON */; };
		9130A4A028178B5D00E6BEEB /* Alamofire in Frameworks */ = {isa = PBXBuildFile; productRef = 9130A49F28178B5D00E6BEEB /* Alamofire */; };
/* End PBXBuildFile section */

/* Begin PBXFileReference section */
		9130A48228178A0D00E6BEEB /* AI4MRI.app */ = {isa = PBXFileReference; explicitFileType = wrapper.application; includeInIndex = 0; path = AI4MRI.app; sourceTree = BUILT_PRODUCTS_DIR; };
		9130A48528178A0D00E6BEEB /* AI4MRIApp.swift */ = {isa = PBXFileReference; lastKnownFileType = sourcecode.swift; path = AI4MRIApp.swift; sourceTree = "<group>"; };
		9130A48928178A1200E6BEEB /* Assets.xcassets */ = {isa = PBXFileReference; lastKnownFileType = folder.assetcatalog; path = Assets.xcassets; sourceTree = "<group>"; };
		9130A48C28178A1200E6BEEB /* Preview Assets.xcassets */ = {isa = PBXFileReference; lastKnownFileType = folder.assetcatalog; path = "Preview Assets.xcassets"; sourceTree = "<group>"; };
		9130A49328178A6700E6BEEB /* AIView.swift */ = {isa = PBXFileReference; lastKnownFileType = sourcecode.swift; path = AIView.swift; sourceTree = "<group>"; };
		9130A49528178ACD00E6BEEB /* MultiTabView.swift */ = {isa = PBXFileReference; lastKnownFileType = sourcecode.swift; path = MultiTabView.swift; sourceTree = "<group>"; };
		9130A49728178AF800E6BEEB /* IntroView.swift */ = {isa = PBXFileReference; lastKnownFileType = sourcecode.swift; path = IntroView.swift; sourceTree = "<group>"; };
		9130A49928178B1E00E6BEEB /* AboutView.swift */ = {isa = PBXFileReference; lastKnownFileType = sourcecode.swift; path = AboutView.swift; sourceTree = "<group>"; };
/* End PBXFileReference section */

/* Begin PBXFrameworksBuildPhase section */
		9130A47F28178A0D00E6BEEB /* Frameworks */ = {
			isa = PBXFrameworksBuildPhase;
			buildActionMask = 2147483647;
			files = (
				9130A49D28178B4200E6BEEB /* SwiftyJSON in Frameworks */,
				9130A4A028178B5D00E6BEEB /* Alamofire in Frameworks */,
			);
			runOnlyForDeploymentPostprocessing = 0;
		};
/* End PBXFrameworksBuildPhase section */

/* Begin PBXGroup section */
		9130A47928178A0D00E6BEEB = {
			isa = PBXGroup;
			children = (
				9130A48428178A0D00E6BEEB /* AI4MRI */,
				9130A48328178A0D00E6BEEB /* Products */,
			);
			sourceTree = "<group>";
		};
		9130A48328178A0D00E6BEEB /* Products */ = {
			isa = PBXGroup;
			children = (
				9130A48228178A0D00E6BEEB /* AI4MRI.app */,
			);
			name = Products;
			sourceTree = "<group>";
		};
		9130A48428178A0D00E6BEEB /* AI4MRI */ = {
			isa = PBXGroup;
			children = (
				9130A48528178A0D00E6BEEB /* AI4MRIApp.swift */,
				9130A49328178A6700E6BEEB /* AIView.swift */,
				9130A49528178ACD00E6BEEB /* MultiTabView.swift */,
				9130A49728178AF800E6BEEB /* IntroView.swift */,
				9130A49928178B1E00E6BEEB /* AboutView.swift */,
				9130A48928178A1200E6BEEB /* Assets.xcassets */,
				9130A48B28178A1200E6BEEB /* Preview Content */,
			);
			path = AI4MRI;
			sourceTree = "<group>";
		};
		9130A48B28178A1200E6BEEB /* Preview Content */ = {
			isa = PBXGroup;
			children = (
				9130A48C28178A1200E6BEEB /* Preview Assets.xcassets */,
			);
			path = "Preview Content";
			sourceTree = "<group>";
		};
/* End PBXGroup section */

/* Begin PBXNativeTarget section */
		9130A48128178A0D00E6BEEB /* AI4MRI */ = {
			isa = PBXNativeTarget;
			buildConfigurationList = 9130A49028178A1200E6BEEB /* Build configuration list for PBXNativeTarget "AI4MRI" */;
			buildPhases = (
				9130A47E28178A0D00E6BEEB /* Sources */,
				9130A47F28178A0D00E6BEEB /* Frameworks */,
				9130A48028178A0D00E6BEEB /* Resources */,
			);
			buildRules = (
			);
			dependencies = (
			);
			name = AI4MRI;
			packageProductDependencies = (
				9130A49C28178B4200E6BEEB /* SwiftyJSON */,
				9130A49F28178B5D00E6BEEB /* Alamofire */,
			);
			productName = AI4MRI;
			productReference = 9130A48228178A0D00E6BEEB /* AI4MRI.app */;
			productType = "com.apple.product-type.application";
		};
/* End PBXNativeTarget section */

/* Begin PBXProject section */
		9130A47A28178A0D00E6BEEB /* Project object */ = {
			isa = PBXProject;
			attributes = {
				BuildIndependentTargetsInParallel = 1;
				LastSwiftUpdateCheck = 1330;
				LastUpgradeCheck = 1330;
				TargetAttributes = {
					9130A48128178A0D00E6BEEB = {
						CreatedOnToolsVersion = 13.3.1;
					};
				};
			};
			buildConfigurationList = 9130A47D28178A0D00E6BEEB /* Build configuration list for PBXProject "AI4MRI" */;
			compatibilityVersion = "Xcode 13.0";
			developmentRegion = en;
			hasScannedForEncodings = 0;
			knownRegions = (
				en,
				Base,
			);
			mainGroup = 9130A47928178A0D00E6BEEB;
			packageReferences = (
				9130A49B28178B4200E6BEEB /* XCRemoteSwiftPackageReference "SwiftyJSON" */,
				9130A49E28178B5D00E6BEEB /* XCRemoteSwiftPackageReference "Alamofire" */,
			);
			productRefGroup = 9130A48328178A0D00E6BEEB /* Products */;
			projectDirPath = "";
			projectRoot = "";
			targets = (
				9130A48128178A0D00E6BEEB /* AI4MRI */,
			);
		};
/* End PBXProject section */

/* Begin PBXResourcesBuildPhase section */
		9130A48028178A0D00E6BEEB /* Resources */ = {
			isa = PBXResourcesBuildPhase;
			buildActionMask = 2147483647;
			files = (
				9130A48D28178A1200E6BEEB /* Preview Assets.xcassets in Resources */,
				9130A48A28178A1200E6BEEB /* Assets.xcassets in Resources */,
			);
			runOnlyForDeploymentPostprocessing = 0;
		};
/* End PBXResourcesBuildPhase section */

/* Begin PBXSourcesBuildPhase section */
		9130A47E28178A0D00E6BEEB /* Sources */ = {
			isa = PBXSourcesBuildPhase;
			buildActionMask = 2147483647;
			files = (
				9130A49428178A6700E6BEEB /* AIView.swift in Sources */,
				9130A49828178AF800E6BEEB /* IntroView.swift in Sources */,
				9130A49628178ACD00E6BEEB /* MultiTabView.swift in Sources */,
				9130A49A28178B1E00E6BEEB /* AboutView.swift in Sources */,
				9130A48628178A0D00E6BEEB /* AI4MRIApp.swift in Sources */,
			);
			runOnlyForDeploymentPostprocessing = 0;
		};
/* End PBXSourcesBuildPhase section */

/* Begin XCBuildConfiguration section */
		9130A48E28178A1200E6BEEB /* Debug */ = {
			isa = XCBuildConfiguration;
			buildSettings = {
				ALWAYS_SEARCH_USER_PATHS = NO;
				CLANG_ANALYZER_NONNULL = YES;
				CLANG_ANALYZER_NUMBER_OBJECT_CONVERSION = YES_AGGRESSIVE;
				CLANG_CXX_LANGUAGE_STANDARD = "gnu++17";
				CLANG_ENABLE_MODULES = YES;
				CLANG_ENABLE_OBJC_ARC = YES;
				CLANG_ENABLE_OBJC_WEAK = YES;
				CLANG_WARN_BLOCK_CAPTURE_AUTORELEASING = YES;
				CLANG_WARN_BOOL_CONVERSION = YES;
				CLANG_WARN_COMMA = YES;
				CLANG_WARN_CONSTANT_CONVERSION = YES;
				CLANG_WARN_DEPRECATED_OBJC_IMPLEMENTATIONS = YES;
				CLANG_WARN_DIRECT_OBJC_ISA_USAGE = YES_ERROR;
				CLANG_WARN_DOCUMENTATION_COMMENTS = YES;
				CLANG_WARN_EMPTY_BODY = YES;
				CLANG_WARN_ENUM_CONVERSION = YES;
				CLANG_WARN_INFINITE_RECURSION = YES;
				CLANG_WARN_INT_CONVERSION = YES;
				CLANG_WARN_NON_LITERAL_NULL_CONVERSION = YES;
				CLANG_WARN_OBJC_IMPLICIT_RETAIN_SELF = YES;
				CLANG_WARN_OBJC_LITERAL_CONVERSION = YES;
				CLANG_WARN_OBJC_ROOT_CLASS = YES_ERROR;
				CLANG_WARN_QUOTED_INCLUDE_IN_FRAMEWORK_HEADER = YES;
				CLANG_WARN_RANGE_LOOP_ANALYSIS = YES;
				CLANG_WARN_STRICT_PROTOTYPES = YES;
				CLANG_WARN_SUSPICIOUS_MOVE = YES;
				CLANG_WARN_UNGUARDED_AVAILABILITY = YES_AGGRESSIVE;
				CLANG_WARN_UNREACHABLE_CODE = YES;
				CLANG_WARN__DUPLICATE_METHOD_MATCH = YES;
				COPY_PHASE_STRIP = NO;
				DEBUG_INFORMATION_FORMAT = dwarf;
				ENABLE_STRICT_OBJC_MSGSEND = YES;
				ENABLE_TESTABILITY = YES;
				GCC_C_LANGUAGE_STANDARD = gnu11;
				GCC_DYNAMIC_NO_PIC = NO;
				GCC_NO_COMMON_BLOCKS = YES;
				GCC_OPTIMIZATION_LEVEL = 0;
				GCC_PREPROCESSOR_DEFINITIONS = (
					"DEBUG=1",
					"$(inherited)",
				);
				GCC_WARN_64_TO_32_BIT_CONVERSION = YES;
				GCC_WARN_ABOUT_RETURN_TYPE = YES_ERROR;
				GCC_WARN_UNDECLARED_SELECTOR = YES;
				GCC_WARN_UNINITIALIZED_AUTOS = YES_AGGRESSIVE;
				GCC_WARN_UNUSED_FUNCTION = YES;
				GCC_WARN_UNUSED_VARIABLE = YES;
				IPHONEOS_DEPLOYMENT_TARGET = 15.4;
				MTL_ENABLE_DEBUG_INFO = INCLUDE_SOURCE;
				MTL_FAST_MATH = YES;
				ONLY_ACTIVE_ARCH = YES;
				SDKROOT = iphoneos;
				SWIFT_ACTIVE_COMPILATION_CONDITIONS = DEBUG;
				SWIFT_OPTIMIZATION_LEVEL = "-Onone";
			};
			name = Debug;
		};
		9130A48F28178A1200E6BEEB /* Release */ = {
			isa = XCBuildConfiguration;
			buildSettings = {
				ALWAYS_SEARCH_USER_PATHS = NO;
				CLANG_ANALYZER_NONNULL = YES;
				CLANG_ANALYZER_NUMBER_OBJECT_CONVERSION = YES_AGGRESSIVE;
				CLANG_CXX_LANGUAGE_STANDARD = "gnu++17";
				CLANG_ENABLE_MODULES = YES;
				CLANG_ENABLE_OBJC_ARC = YES;
				CLANG_ENABLE_OBJC_WEAK = YES;
				CLANG_WARN_BLOCK_CAPTURE_AUTORELEASING = YES;
				CLANG_WARN_BOOL_CONVERSION = YES;
				CLANG_WARN_COMMA = YES;
				CLANG_WARN_CONSTANT_CONVERSION = YES;
				CLANG_WARN_DEPRECATED_OBJC_IMPLEMENTATIONS = YES;
				CLANG_WARN_DIRECT_OBJC_ISA_USAGE = YES_ERROR;
				CLANG_WARN_DOCUMENTATION_COMMENTS = YES;
				CLANG_WARN_EMPTY_BODY = YES;
				CLANG_WARN_ENUM_CONVERSION = YES;
				CLANG_WARN_INFINITE_RECURSION = YES;
				CLANG_WARN_INT_CONVERSION = YES;
				CLANG_WARN_NON_LITERAL_NULL_CONVERSION = YES;
				CLANG_WARN_OBJC_IMPLICIT_RETAIN_SELF = YES;
				CLANG_WARN_OBJC_LITERAL_CONVERSION = YES;
				CLANG_WARN_OBJC_ROOT_CLASS = YES_ERROR;
				CLANG_WARN_QUOTED_INCLUDE_IN_FRAMEWORK_HEADER = YES;
				CLANG_WARN_RANGE_LOOP_ANALYSIS = YES;
				CLANG_WARN_STRICT_PROTOTYPES = YES;
				CLANG_WARN_SUSPICIOUS_MOVE = YES;
				CLANG_WARN_UNGUARDED_AVAILABILITY = YES_AGGRESSIVE;
				CLANG_WARN_UNREACHABLE_CODE = YES;
				CLANG_WARN__DUPLICATE_METHOD_MATCH = YES;
				COPY_PHASE_STRIP = NO;
				DEBUG_INFORMATION_FORMAT = "dwarf-with-dsym";
				ENABLE_NS_ASSERTIONS = NO;
				ENABLE_STRICT_OBJC_MSGSEND = YES;
				GCC_C_LANGUAGE_STANDARD = gnu11;
				GCC_NO_COMMON_BLOCKS = YES;
				GCC_WARN_64_TO_32_BIT_CONVERSION = YES;
				GCC_WARN_ABOUT_RETURN_TYPE = YES_ERROR;
				GCC_WARN_UNDECLARED_SELECTOR = YES;
				GCC_WARN_UNINITIALIZED_AUTOS = YES_AGGRESSIVE;
				GCC_WARN_UNUSED_FUNCTION = YES;
				GCC_WARN_UNUSED_VARIABLE = YES;
				IPHONEOS_DEPLOYMENT_TARGET = 15.4;
				MTL_ENABLE_DEBUG_INFO = NO;
				MTL_FAST_MATH = YES;
				SDKROOT = iphoneos;
				SWIFT_COMPILATION_MODE = wholemodule;
				SWIFT_OPTIMIZATION_LEVEL = "-O";
				VALIDATE_PRODUCT = YES;
			};
			name = Release;
		};
		9130A49128178A1200E6BEEB /* Debug */ = {
			isa = XCBuildConfiguration;
			buildSettings = {
				ASSETCATALOG_COMPILER_APPICON_NAME = AppIcon;
				ASSETCATALOG_COMPILER_GLOBAL_ACCENT_COLOR_NAME = AccentColor;
				CODE_SIGN_STYLE = Automatic;
				CURRENT_PROJECT_VERSION = 1;
				DEVELOPMENT_ASSET_PATHS = "\"AI4MRI/Preview Content\"";
				DEVELOPMENT_TEAM = 424J34WWFS;
				ENABLE_PREVIEWS = YES;
				GENERATE_INFOPLIST_FILE = YES;
				INFOPLIST_KEY_UIApplicationSceneManifest_Generation = YES;
				INFOPLIST_KEY_UIApplicationSupportsIndirectInputEvents = YES;
				INFOPLIST_KEY_UILaunchScreen_Generation = YES;
				INFOPLIST_KEY_UISupportedInterfaceOrientations_iPad = "UIInterfaceOrientationPortrait UIInterfaceOrientationPortraitUpsideDown UIInterfaceOrientationLandscapeLeft UIInterfaceOrientationLandscapeRight";
				INFOPLIST_KEY_UISupportedInterfaceOrientations_iPhone = "UIInterfaceOrientationPortrait UIInterfaceOrientationLandscapeLeft UIInterfaceOrientationLandscapeRight";
				LD_RUNPATH_SEARCH_PATHS = (
					"$(inherited)",
					"@executable_path/Frameworks",
				);
				MARKETING_VERSION = 1.0;
				PRODUCT_BUNDLE_IDENTIFIER = XYZ.AI4MRI.AI4MRI;
				PRODUCT_NAME = "$(TARGET_NAME)";
				SWIFT_EMIT_LOC_STRINGS = YES;
				SWIFT_VERSION = 5.0;
				TARGETED_DEVICE_FAMILY = "1,2";
			};
			name = Debug;
		};
		9130A49228178A1200E6BEEB /* Release */ = {
			isa = XCBuildConfiguration;
			buildSettings = {
				ASSETCATALOG_COMPILER_APPICON_NAME = AppIcon;
				ASSETCATALOG_COMPILER_GLOBAL_ACCENT_COLOR_NAME = AccentColor;
				CODE_SIGN_STYLE = Automatic;
				CURRENT_PROJECT_VERSION = 1;
				DEVELOPMENT_ASSET_PATHS = "\"AI4MRI/Preview Content\"";
				DEVELOPMENT_TEAM = 424J34WWFS;
				ENABLE_PREVIEWS = YES;
				GENERATE_INFOPLIST_FILE = YES;
				INFOPLIST_KEY_UIApplicationSceneManifest_Generation = YES;
				INFOPLIST_KEY_UIApplicationSupportsIndirectInputEvents = YES;
				INFOPLIST_KEY_UILaunchScreen_Generation = YES;
				INFOPLIST_KEY_UISupportedInterfaceOrientations_iPad = "UIInterfaceOrientationPortrait UIInterfaceOrientationPortraitUpsideDown UIInterfaceOrientationLandscapeLeft UIInterfaceOrientationLandscapeRight";
				INFOPLIST_KEY_UISupportedInterfaceOrientations_iPhone = "UIInterfaceOrientationPortrait UIInterfaceOrientationLandscapeLeft UIInterfaceOrientationLandscapeRight";
				LD_RUNPATH_SEARCH_PATHS = (
					"$(inherited)",
					"@executable_path/Frameworks",
				);
				MARKETING_VERSION = 1.0;
				PRODUCT_BUNDLE_IDENTIFIER = XYZ.AI4MRI.AI4MRI;
				PRODUCT_NAME = "$(TARGET_NAME)";
				SWIFT_EMIT_LOC_STRINGS = YES;
				SWIFT_VERSION = 5.0;
				TARGETED_DEVICE_FAMILY = "1,2";
			};
			name = Release;
		};
/* End XCBuildConfiguration section */

/* Begin XCConfigurationList section */
		9130A47D28178A0D00E6BEEB /* Build configuration list for PBXProject "AI4MRI" */ = {
			isa = XCConfigurationList;
			buildConfigurations = (
				9130A48E28178A1200E6BEEB /* Debug */,
				9130A48F28178A1200E6BEEB /* Release */,
			);
			defaultConfigurationIsVisible = 0;
			defaultConfigurationName = Release;
		};
		9130A49028178A1200E6BEEB /* Build configuration list for PBXNativeTarget "AI4MRI" */ = {
			isa = XCConfigurationList;
			buildConfigurations = (
				9130A49128178A1200E6BEEB /* Debug */,
				9130A49228178A1200E6BEEB /* Release */,
			);
			defaultConfigurationIsVisible = 0;
			defaultConfigurationName = Release;
		};
/* End XCConfigurationList section */

/* Begin XCRemoteSwiftPackageReference section */
		9130A49B28178B4200E6BEEB /* XCRemoteSwiftPackageReference "SwiftyJSON" */ = {
			isa = XCRemoteSwiftPackageReference;
			repositoryURL = "https://github.com/SwiftyJSON/SwiftyJSON";
			requirement = {
				branch = master;
				kind = branch;
			};
		};
		9130A49E28178B5D00E6BEEB /* XCRemoteSwiftPackageReference "Alamofire" */ = {
			isa = XCRemoteSwiftPackageReference;
			repositoryURL = "https://github.com/Alamofire/Alamofire";
			requirement = {
				branch = master;
				kind = branch;
			};
		};
/* End XCRemoteSwiftPackageReference section */

/* Begin XCSwiftPackageProductDependency section */
		9130A49C28178B4200E6BEEB /* SwiftyJSON */ = {
			isa = XCSwiftPackageProductDependency;
			package = 9130A49B28178B4200E6BEEB /* XCRemoteSwiftPackageReference "SwiftyJSON" */;
			productName = SwiftyJSON;
		};
		9130A49F28178B5D00E6BEEB /* Alamofire */ = {
			isa = XCSwiftPackageProductDependency;
			package = 9130A49E28178B5D00E6BEEB /* XCRemoteSwiftPackageReference "Alamofire" */;
			productName = Alamofire;
		};
/* End XCSwiftPackageProductDependency section */
	};
	rootObject = 9130A47A28178A0D00E6BEEB /* Project object */;
}
